
Microsoft Visual Studio Solution File, Format Version 12.00
# Visual Studio 15
VisualStudioVersion = 15.0.27428.2005
MinimumVisualStudioVersion = 10.0.40219.1
Project("{8BC9CEB8-8B4A-11D0-8D11-00A0C91BC942}") = "Cuda_pkgk", "Cuda_pkgk\Cuda_pkgk.vcxproj", "{234392D3-96D4-4315-AD8A-BB92BBC744D1}"
EndProject
Global
	GlobalSection(SolutionConfigurationPlatforms) = preSolution
		Debug|x64 = Debug|x64
		Release|x64 = Release|x64
	EndGlobalSection
	GlobalSection(ProjectConfigurationPlatforms) = postSolution
		{234392D3-96D4-4315-AD8A-BB92BBC744D1}.Debug|x64.ActiveCfg = Debug|x64
		{234392D3-96D4-4315-AD8A-BB92BBC744D1}.Debug|x64.Build.0 = Debug|x64
		{234392D3-96D4-4315-AD8A-BB92BBC744D1}.Release|x64.ActiveCfg = Release|x64
		{234392D3-96D4-4315-AD8A-BB92BBC744D1}.Release|x64.Build.0 = Release|x64
	EndGlobalSection
	GlobalSection(SolutionProperties) = preSolution
		HideSolutionNode = FALSE
	EndGlobalSection
	GlobalSection(ExtensibilityGlobals) = postSolution
		SolutionGuid = {A3CCF5FE-A3ED-4D42-A9D8-152F254C3D86}
	EndGlobalSection
EndGlobal
